
Microsoft Visual Studio Solution File, Format Version 12.00
# Visual Studio 15
Project("{FAE04EC0-301F-11D3-BF4B-00C04F79EFBC}") = "Homunculus", "Homunculus.csproj", "{9F36298C-2B15-4080-914A-C9FD494A7B99}"
EndProject
Project("{FAE04EC0-301F-11D3-BF4B-00C04F79EFBC}") = "Homunculus.Plugins", "Homunculus.Plugins.csproj", "{8A508373-B306-F8E3-CC44-A7E8DBE28AD5}"
EndProject
Project("{FAE04EC0-301F-11D3-BF4B-00C04F79EFBC}") = "Homunculus.Editor.Plugins", "Homunculus.Editor.Plugins.csproj", "{04DC0595-6105-CB64-90A5-549AAF29AD38}"
EndProject
Project("{FAE04EC0-301F-11D3-BF4B-00C04F79EFBC}") = "Homunculus.Editor", "Homunculus.Editor.csproj", "{F162F40A-0DB1-309B-6423-726A8EA98711}"
EndProject
Global
	GlobalSection(SolutionConfigurationPlatforms) = preSolution
		Debug|Any CPU = Debug|Any CPU
		Release|Any CPU = Release|Any CPU
	EndGlobalSection
	GlobalSection(ProjectConfigurationPlatforms) = postSolution
		{9F36298C-2B15-4080-914A-C9FD494A7B99}.Debug|Any CPU.ActiveCfg = Debug|Any CPU
		{9F36298C-2B15-4080-914A-C9FD494A7B99}.Debug|Any CPU.Build.0 = Debug|Any CPU
		{9F36298C-2B15-4080-914A-C9FD494A7B99}.Release|Any CPU.ActiveCfg = Release|Any CPU
		{9F36298C-2B15-4080-914A-C9FD494A7B99}.Release|Any CPU.Build.0 = Release|Any CPU
		{8A508373-B306-F8E3-CC44-A7E8DBE28AD5}.Debug|Any CPU.ActiveCfg = Debug|Any CPU
		{8A508373-B306-F8E3-CC44-A7E8DBE28AD5}.Debug|Any CPU.Build.0 = Debug|Any CPU
		{8A508373-B306-F8E3-CC44-A7E8DBE28AD5}.Release|Any CPU.ActiveCfg = Release|Any CPU
		{8A508373-B306-F8E3-CC44-A7E8DBE28AD5}.Release|Any CPU.Build.0 = Release|Any CPU
		{04DC0595-6105-CB64-90A5-549AAF29AD38}.Debug|Any CPU.ActiveCfg = Debug|Any CPU
		{04DC0595-6105-CB64-90A5-549AAF29AD38}.Debug|Any CPU.Build.0 = Debug|Any CPU
		{04DC0595-6105-CB64-90A5-549AAF29AD38}.Release|Any CPU.ActiveCfg = Release|Any CPU
		{04DC0595-6105-CB64-90A5-549AAF29AD38}.Release|Any CPU.Build.0 = Release|Any CPU
		{F162F40A-0DB1-309B-6423-726A8EA98711}.Debug|Any CPU.ActiveCfg = Debug|Any CPU
		{F162F40A-0DB1-309B-6423-726A8EA98711}.Debug|Any CPU.Build.0 = Debug|Any CPU
		{F162F40A-0DB1-309B-6423-726A8EA98711}.Release|Any CPU.ActiveCfg = Release|Any CPU
		{F162F40A-0DB1-309B-6423-726A8EA98711}.Release|Any CPU.Build.0 = Release|Any CPU
	EndGlobalSection
	GlobalSection(SolutionProperties) = preSolution
		HideSolutionNode = FALSE
	EndGlobalSection
EndGlobal
